{
  "requires": true,
  "lockfileVersion": 1,
  "dependencies": {
    "mdbootstrap": {
      "version": "4.5.2",
      "resolved": "https://registry.npmjs.org/mdbootstrap/-/mdbootstrap-4.5.2.tgz",
      "integrity": "sha512-IK5QYkf1msUbnoCb15fHrAy0p+kN9SEIGKPdE1w0X+yBSOYgp0TBH/OIi21PqVUiVO7ue7UvhJbC091Ym/gJHg=="
    }
  }
}
